
Microsoft Visual Studio Solution File, Format Version 12.00
# Visual Studio Version 17
VisualStudioVersion = 17.8.34511.84
MinimumVisualStudioVersion = 10.0.40219.1
Project("{9A19103F-16F7-4668-BE54-9A1E7A4F7556}") = "RTLSDR", "RTLSDR\RTLSDR.csproj", "{EF0D6914-2190-40DC-BAF8-F6A9C3F7D63D}"
EndProject
Project("{FAE04EC0-301F-11D3-BF4B-00C04F79EFBC}") = "RTLSDRConsole", "RTLSDRConsole\RTLSDRConsole.csproj", "{EB979EF2-C6CE-446C-933A-60E9671002BA}"
EndProject
Project("{FAE04EC0-301F-11D3-BF4B-00C04F79EFBC}") = "DAB", "DAB\DAB.csproj", "{4422C3AF-BDCB-4586-9E43-42C7ED6A7303}"
EndProject
Project("{9A19103F-16F7-4668-BE54-9A1E7A4F7556}") = "Tests", "Tests\Tests.csproj", "{10C086EA-CB4E-46D2-8A7C-F9DBA6BF5142}"
EndProject
Project("{9A19103F-16F7-4668-BE54-9A1E7A4F7556}") = "RTLSDRReceiver", "RTLSDRReceiver\RTLSDRReceiver.csproj", "{588DDF6E-C35C-459F-89F2-0AC21D1C6E9A}"
EndProject
Project("{FAE04EC0-301F-11D3-BF4B-00C04F79EFBC}") = "FM", "FM\FM.csproj", "{0726D1EA-18C3-403D-8DC3-09DE496196A1}"
EndProject
Project("{FAE04EC0-301F-11D3-BF4B-00C04F79EFBC}") = "SDRLib", "SDRLib\SDRLib.csproj", "{68BAD7ED-F56C-4E11-B148-C114660B5264}"
EndProject
Global
	GlobalSection(SolutionConfigurationPlatforms) = preSolution
		Debug|Any CPU = Debug|Any CPU
		Release|Any CPU = Release|Any CPU
	EndGlobalSection
	GlobalSection(ProjectConfigurationPlatforms) = postSolution
		{EF0D6914-2190-40DC-BAF8-F6A9C3F7D63D}.Debug|Any CPU.ActiveCfg = Debug|Any CPU
		{EF0D6914-2190-40DC-BAF8-F6A9C3F7D63D}.Debug|Any CPU.Build.0 = Debug|Any CPU
		{EF0D6914-2190-40DC-BAF8-F6A9C3F7D63D}.Release|Any CPU.ActiveCfg = Release|Any CPU
		{EF0D6914-2190-40DC-BAF8-F6A9C3F7D63D}.Release|Any CPU.Build.0 = Release|Any CPU
		{EB979EF2-C6CE-446C-933A-60E9671002BA}.Debug|Any CPU.ActiveCfg = Debug|Any CPU
		{EB979EF2-C6CE-446C-933A-60E9671002BA}.Debug|Any CPU.Build.0 = Debug|Any CPU
		{EB979EF2-C6CE-446C-933A-60E9671002BA}.Release|Any CPU.ActiveCfg = Release|Any CPU
		{EB979EF2-C6CE-446C-933A-60E9671002BA}.Release|Any CPU.Build.0 = Release|Any CPU
		{4422C3AF-BDCB-4586-9E43-42C7ED6A7303}.Debug|Any CPU.ActiveCfg = Debug|Any CPU
		{4422C3AF-BDCB-4586-9E43-42C7ED6A7303}.Debug|Any CPU.Build.0 = Debug|Any CPU
		{4422C3AF-BDCB-4586-9E43-42C7ED6A7303}.Release|Any CPU.ActiveCfg = Release|Any CPU
		{4422C3AF-BDCB-4586-9E43-42C7ED6A7303}.Release|Any CPU.Build.0 = Release|Any CPU
		{10C086EA-CB4E-46D2-8A7C-F9DBA6BF5142}.Debug|Any CPU.ActiveCfg = Debug|Any CPU
		{10C086EA-CB4E-46D2-8A7C-F9DBA6BF5142}.Debug|Any CPU.Build.0 = Debug|Any CPU
		{10C086EA-CB4E-46D2-8A7C-F9DBA6BF5142}.Release|Any CPU.ActiveCfg = Release|Any CPU
		{10C086EA-CB4E-46D2-8A7C-F9DBA6BF5142}.Release|Any CPU.Build.0 = Release|Any CPU
		{588DDF6E-C35C-459F-89F2-0AC21D1C6E9A}.Debug|Any CPU.ActiveCfg = Debug|Any CPU
		{588DDF6E-C35C-459F-89F2-0AC21D1C6E9A}.Debug|Any CPU.Build.0 = Debug|Any CPU
		{588DDF6E-C35C-459F-89F2-0AC21D1C6E9A}.Debug|Any CPU.Deploy.0 = Debug|Any CPU
		{588DDF6E-C35C-459F-89F2-0AC21D1C6E9A}.Release|Any CPU.ActiveCfg = Release|Any CPU
		{588DDF6E-C35C-459F-89F2-0AC21D1C6E9A}.Release|Any CPU.Build.0 = Release|Any CPU
		{588DDF6E-C35C-459F-89F2-0AC21D1C6E9A}.Release|Any CPU.Deploy.0 = Release|Any CPU
		{0726D1EA-18C3-403D-8DC3-09DE496196A1}.Debug|Any CPU.ActiveCfg = Debug|Any CPU
		{0726D1EA-18C3-403D-8DC3-09DE496196A1}.Debug|Any CPU.Build.0 = Debug|Any CPU
		{0726D1EA-18C3-403D-8DC3-09DE496196A1}.Release|Any CPU.ActiveCfg = Release|Any CPU
		{0726D1EA-18C3-403D-8DC3-09DE496196A1}.Release|Any CPU.Build.0 = Release|Any CPU
		{68BAD7ED-F56C-4E11-B148-C114660B5264}.Debug|Any CPU.ActiveCfg = Debug|Any CPU
		{68BAD7ED-F56C-4E11-B148-C114660B5264}.Debug|Any CPU.Build.0 = Debug|Any CPU
		{68BAD7ED-F56C-4E11-B148-C114660B5264}.Release|Any CPU.ActiveCfg = Release|Any CPU
		{68BAD7ED-F56C-4E11-B148-C114660B5264}.Release|Any CPU.Build.0 = Release|Any CPU
	EndGlobalSection
	GlobalSection(SolutionProperties) = preSolution
		HideSolutionNode = FALSE
	EndGlobalSection
	GlobalSection(ExtensibilityGlobals) = postSolution
		SolutionGuid = {E22D3E1A-A836-443A-AACE-BE3444FAFC8F}
	EndGlobalSection
EndGlobal
