
Microsoft Visual Studio Solution File, Format Version 12.00
# Visual Studio Version 16
VisualStudioVersion = 16.0.33927.289
MinimumVisualStudioVersion = 10.0.40219.1
Project("{9A19103F-16F7-4668-BE54-9A1E7A4F7556}") = "RTLSDR", "RTLSDR\RTLSDR.csproj", "{EF0D6914-2190-40DC-BAF8-F6A9C3F7D63D}"
EndProject
Project("{9A19103F-16F7-4668-BE54-9A1E7A4F7556}") = "Tests", "Tests\Tests.csproj", "{530E828B-C1AA-4EA7-BC00-996F1F5EC95A}"
EndProject
Project("{9A19103F-16F7-4668-BE54-9A1E7A4F7556}") = "RTLSDRReceiver", "RTLSDRReceiver\RTLSDRReceiver.csproj", "{2685A20A-3BE1-442F-AF82-04923E55388A}"
EndProject
Project("{FAE04EC0-301F-11D3-BF4B-00C04F79EFBC}") = "RTLSDRConsole", "RTLSDRConsole\RTLSDRConsole.csproj", "{EB979EF2-C6CE-446C-933A-60E9671002BA}"
EndProject
Project("{FAE04EC0-301F-11D3-BF4B-00C04F79EFBC}") = "DAB", "DAB\DAB.csproj", "{4422C3AF-BDCB-4586-9E43-42C7ED6A7303}"
EndProject
Global
	GlobalSection(SolutionConfigurationPlatforms) = preSolution
		Debug|Any CPU = Debug|Any CPU
		Release|Any CPU = Release|Any CPU
	EndGlobalSection
	GlobalSection(ProjectConfigurationPlatforms) = postSolution
		{EF0D6914-2190-40DC-BAF8-F6A9C3F7D63D}.Debug|Any CPU.ActiveCfg = Debug|Any CPU
		{EF0D6914-2190-40DC-BAF8-F6A9C3F7D63D}.Debug|Any CPU.Build.0 = Debug|Any CPU
		{EF0D6914-2190-40DC-BAF8-F6A9C3F7D63D}.Release|Any CPU.ActiveCfg = Release|Any CPU
		{EF0D6914-2190-40DC-BAF8-F6A9C3F7D63D}.Release|Any CPU.Build.0 = Release|Any CPU
		{530E828B-C1AA-4EA7-BC00-996F1F5EC95A}.Debug|Any CPU.ActiveCfg = Debug|Any CPU
		{530E828B-C1AA-4EA7-BC00-996F1F5EC95A}.Debug|Any CPU.Build.0 = Debug|Any CPU
		{530E828B-C1AA-4EA7-BC00-996F1F5EC95A}.Release|Any CPU.ActiveCfg = Release|Any CPU
		{530E828B-C1AA-4EA7-BC00-996F1F5EC95A}.Release|Any CPU.Build.0 = Release|Any CPU
		{2685A20A-3BE1-442F-AF82-04923E55388A}.Debug|Any CPU.ActiveCfg = Debug|Any CPU
		{2685A20A-3BE1-442F-AF82-04923E55388A}.Debug|Any CPU.Build.0 = Debug|Any CPU
		{2685A20A-3BE1-442F-AF82-04923E55388A}.Debug|Any CPU.Deploy.0 = Debug|Any CPU
		{2685A20A-3BE1-442F-AF82-04923E55388A}.Release|Any CPU.ActiveCfg = Release|Any CPU
		{2685A20A-3BE1-442F-AF82-04923E55388A}.Release|Any CPU.Build.0 = Release|Any CPU
		{2685A20A-3BE1-442F-AF82-04923E55388A}.Release|Any CPU.Deploy.0 = Release|Any CPU
		{EB979EF2-C6CE-446C-933A-60E9671002BA}.Debug|Any CPU.ActiveCfg = Debug|Any CPU
		{EB979EF2-C6CE-446C-933A-60E9671002BA}.Debug|Any CPU.Build.0 = Debug|Any CPU
		{EB979EF2-C6CE-446C-933A-60E9671002BA}.Release|Any CPU.ActiveCfg = Release|Any CPU
		{EB979EF2-C6CE-446C-933A-60E9671002BA}.Release|Any CPU.Build.0 = Release|Any CPU
		{4422C3AF-BDCB-4586-9E43-42C7ED6A7303}.Debug|Any CPU.ActiveCfg = Debug|Any CPU
		{4422C3AF-BDCB-4586-9E43-42C7ED6A7303}.Debug|Any CPU.Build.0 = Debug|Any CPU
		{4422C3AF-BDCB-4586-9E43-42C7ED6A7303}.Release|Any CPU.ActiveCfg = Release|Any CPU
		{4422C3AF-BDCB-4586-9E43-42C7ED6A7303}.Release|Any CPU.Build.0 = Release|Any CPU
	EndGlobalSection
	GlobalSection(SolutionProperties) = preSolution
		HideSolutionNode = FALSE
	EndGlobalSection
	GlobalSection(ExtensibilityGlobals) = postSolution
		SolutionGuid = {E22D3E1A-A836-443A-AACE-BE3444FAFC8F}
	EndGlobalSection
EndGlobal
