
Microsoft Visual Studio Solution File, Format Version 12.00
# Visual Studio Version 17
VisualStudioVersion = 17.8.34511.84
MinimumVisualStudioVersion = 10.0.40219.1
Project("{9A19103F-16F7-4668-BE54-9A1E7A4F7556}") = "RTLSDR", "RTLSDR\RTLSDR.csproj", "{EF0D6914-2190-40DC-BAF8-F6A9C3F7D63D}"
EndProject
Project("{FAE04EC0-301F-11D3-BF4B-00C04F79EFBC}") = "RTLSDRConsole", "RTLSDRConsole\RTLSDRConsole.csproj", "{EB979EF2-C6CE-446C-933A-60E9671002BA}"
EndProject
Project("{FAE04EC0-301F-11D3-BF4B-00C04F79EFBC}") = "DAB", "DAB\DAB.csproj", "{4422C3AF-BDCB-4586-9E43-42C7ED6A7303}"
EndProject
Project("{FAE04EC0-301F-11D3-BF4B-00C04F79EFBC}") = "FM", "FM\FM.csproj", "{0726D1EA-18C3-403D-8DC3-09DE496196A1}"
EndProject
Project("{FAE04EC0-301F-11D3-BF4B-00C04F79EFBC}") = "LoggerService", "LoggerService\LoggerService.csproj", "{CB22E573-BA94-43CA-B7FE-A11D02AF5219}"
EndProject
Project("{FAE04EC0-301F-11D3-BF4B-00C04F79EFBC}") = "Core", "Core\Core.csproj", "{5591432D-3166-4D8A-98D3-977CC2621E7C}"
EndProject
Project("{FAE04EC0-301F-11D3-BF4B-00C04F79EFBC}") = "Tests", "Tests\Tests.csproj", "{54CE0420-42D8-4752-A638-642F69ED8CD5}"
EndProject
Project("{FAE04EC0-301F-11D3-BF4B-00C04F79EFBC}") = "RTLSDRReceiver", "RTLSDRReceiver\RTLSDRReceiver.csproj", "{D97204D1-67B4-4807-8D62-727AF158EC17}"
EndProject
Project("{FAE04EC0-301F-11D3-BF4B-00C04F79EFBC}") = "RadioPlayer", "RadioPlayer\RadioPlayer.csproj", "{8D7BD16B-7BC1-40B4-8C66-C1D0AA1CA706}"
EndProject
Global
	GlobalSection(SolutionConfigurationPlatforms) = preSolution
		Debug|Any CPU = Debug|Any CPU
		Release|Any CPU = Release|Any CPU
	EndGlobalSection
	GlobalSection(ProjectConfigurationPlatforms) = postSolution
		{EF0D6914-2190-40DC-BAF8-F6A9C3F7D63D}.Debug|Any CPU.ActiveCfg = Debug|Any CPU
		{EF0D6914-2190-40DC-BAF8-F6A9C3F7D63D}.Debug|Any CPU.Build.0 = Debug|Any CPU
		{EF0D6914-2190-40DC-BAF8-F6A9C3F7D63D}.Release|Any CPU.ActiveCfg = Release|Any CPU
		{EF0D6914-2190-40DC-BAF8-F6A9C3F7D63D}.Release|Any CPU.Build.0 = Release|Any CPU
		{EB979EF2-C6CE-446C-933A-60E9671002BA}.Debug|Any CPU.ActiveCfg = Debug|Any CPU
		{EB979EF2-C6CE-446C-933A-60E9671002BA}.Debug|Any CPU.Build.0 = Debug|Any CPU
		{EB979EF2-C6CE-446C-933A-60E9671002BA}.Release|Any CPU.ActiveCfg = Release|Any CPU
		{EB979EF2-C6CE-446C-933A-60E9671002BA}.Release|Any CPU.Build.0 = Release|Any CPU
		{4422C3AF-BDCB-4586-9E43-42C7ED6A7303}.Debug|Any CPU.ActiveCfg = Debug|Any CPU
		{4422C3AF-BDCB-4586-9E43-42C7ED6A7303}.Debug|Any CPU.Build.0 = Debug|Any CPU
		{4422C3AF-BDCB-4586-9E43-42C7ED6A7303}.Release|Any CPU.ActiveCfg = Release|Any CPU
		{4422C3AF-BDCB-4586-9E43-42C7ED6A7303}.Release|Any CPU.Build.0 = Release|Any CPU
		{0726D1EA-18C3-403D-8DC3-09DE496196A1}.Debug|Any CPU.ActiveCfg = Debug|Any CPU
		{0726D1EA-18C3-403D-8DC3-09DE496196A1}.Debug|Any CPU.Build.0 = Debug|Any CPU
		{0726D1EA-18C3-403D-8DC3-09DE496196A1}.Release|Any CPU.ActiveCfg = Release|Any CPU
		{0726D1EA-18C3-403D-8DC3-09DE496196A1}.Release|Any CPU.Build.0 = Release|Any CPU
		{CB22E573-BA94-43CA-B7FE-A11D02AF5219}.Debug|Any CPU.ActiveCfg = Debug|Any CPU
		{CB22E573-BA94-43CA-B7FE-A11D02AF5219}.Debug|Any CPU.Build.0 = Debug|Any CPU
		{CB22E573-BA94-43CA-B7FE-A11D02AF5219}.Release|Any CPU.ActiveCfg = Release|Any CPU
		{CB22E573-BA94-43CA-B7FE-A11D02AF5219}.Release|Any CPU.Build.0 = Release|Any CPU
		{5591432D-3166-4D8A-98D3-977CC2621E7C}.Debug|Any CPU.ActiveCfg = Debug|Any CPU
		{5591432D-3166-4D8A-98D3-977CC2621E7C}.Debug|Any CPU.Build.0 = Debug|Any CPU
		{5591432D-3166-4D8A-98D3-977CC2621E7C}.Release|Any CPU.ActiveCfg = Release|Any CPU
		{5591432D-3166-4D8A-98D3-977CC2621E7C}.Release|Any CPU.Build.0 = Release|Any CPU
		{54CE0420-42D8-4752-A638-642F69ED8CD5}.Debug|Any CPU.ActiveCfg = Debug|Any CPU
		{54CE0420-42D8-4752-A638-642F69ED8CD5}.Debug|Any CPU.Build.0 = Debug|Any CPU
		{54CE0420-42D8-4752-A638-642F69ED8CD5}.Release|Any CPU.ActiveCfg = Release|Any CPU
		{54CE0420-42D8-4752-A638-642F69ED8CD5}.Release|Any CPU.Build.0 = Release|Any CPU
		{D97204D1-67B4-4807-8D62-727AF158EC17}.Debug|Any CPU.ActiveCfg = Debug|Any CPU
		{D97204D1-67B4-4807-8D62-727AF158EC17}.Debug|Any CPU.Build.0 = Debug|Any CPU
		{D97204D1-67B4-4807-8D62-727AF158EC17}.Debug|Any CPU.Deploy.0 = Debug|Any CPU
		{D97204D1-67B4-4807-8D62-727AF158EC17}.Release|Any CPU.ActiveCfg = Release|Any CPU
		{D97204D1-67B4-4807-8D62-727AF158EC17}.Release|Any CPU.Build.0 = Release|Any CPU
		{D97204D1-67B4-4807-8D62-727AF158EC17}.Release|Any CPU.Deploy.0 = Release|Any CPU
		{8D7BD16B-7BC1-40B4-8C66-C1D0AA1CA706}.Debug|Any CPU.ActiveCfg = Debug|Any CPU
		{8D7BD16B-7BC1-40B4-8C66-C1D0AA1CA706}.Debug|Any CPU.Build.0 = Debug|Any CPU
		{8D7BD16B-7BC1-40B4-8C66-C1D0AA1CA706}.Release|Any CPU.ActiveCfg = Release|Any CPU
		{8D7BD16B-7BC1-40B4-8C66-C1D0AA1CA706}.Release|Any CPU.Build.0 = Release|Any CPU
	EndGlobalSection
	GlobalSection(SolutionProperties) = preSolution
		HideSolutionNode = FALSE
	EndGlobalSection
	GlobalSection(ExtensibilityGlobals) = postSolution
		SolutionGuid = {E22D3E1A-A836-443A-AACE-BE3444FAFC8F}
	EndGlobalSection
EndGlobal
